
Microsoft Visual Studio Solution File, Format Version 12.00
# Visual Studio 2013
VisualStudioVersion = 12.0.21005.1
MinimumVisualStudioVersion = 10.0.40219.1
Project("{8BC9CEB8-8B4A-11D0-8D11-00A0C91BC942}") = "2048", "2048\2048.vcxproj", "{6FDB5E74-DAE4-4669-867F-302AE8DB9FFC}"
EndProject
Project("{8BC9CEB8-8B4A-11D0-8D11-00A0C91BC942}") = "1073", "1073\1073.vcxproj", "{842BE8E7-4B82-4061-AA52-F2FA770565C0}"
EndProject
Project("{8BC9CEB8-8B4A-11D0-8D11-00A0C91BC942}") = "1446", "1446\1446.vcxproj", "{284591C9-BC8E-4D98-ABB1-21405C550074}"
EndProject
Project("{8BC9CEB8-8B4A-11D0-8D11-00A0C91BC942}") = "1109", "1109\1109.vcxproj", "{772A9EA7-9630-44A1-912E-9B1E4A776D42}"
EndProject
Project("{8BC9CEB8-8B4A-11D0-8D11-00A0C91BC942}") = "1108", "1108\1108.vcxproj", "{3DEC51E4-F0AF-478B-ADA1-ED29695EA251}"
EndProject
Project("{8BC9CEB8-8B4A-11D0-8D11-00A0C91BC942}") = "tmp", "tmp\tmp.vcxproj", "{11D92921-3319-4159-B4A3-FB86A636CEAF}"
EndProject
Project("{8BC9CEB8-8B4A-11D0-8D11-00A0C91BC942}") = "1586", "1586\1586.vcxproj", "{1DBD1313-01AA-4794-A313-F6F01039FDE3}"
EndProject
Project("{8BC9CEB8-8B4A-11D0-8D11-00A0C91BC942}") = "1988", "1988\1988.vcxproj", "{D3F950AD-A0D6-4C26-B77F-387E842D69F8}"
EndProject
Project("{8BC9CEB8-8B4A-11D0-8D11-00A0C91BC942}") = "1811", "1811\1811.vcxproj", "{A0E6A2A9-E741-4A9A-B80E-0E9082469F2B}"
EndProject
Project("{8BC9CEB8-8B4A-11D0-8D11-00A0C91BC942}") = "1063", "1063\1063.vcxproj", "{4D79A261-2A7E-4CEC-B1AE-437FF8845CDA}"
EndProject
Project("{8BC9CEB8-8B4A-11D0-8D11-00A0C91BC942}") = "1750", "1750\1750.vcxproj", "{702DC620-6F7D-4A26-B5BA-78465CCA398C}"
EndProject
Project("{8BC9CEB8-8B4A-11D0-8D11-00A0C91BC942}") = "2058", "2058\2058.vcxproj", "{CCB8AEA8-1EAA-4525-B96C-F8DB6C5D2BEB}"
EndProject
Project("{8BC9CEB8-8B4A-11D0-8D11-00A0C91BC942}") = "1962", "1962\1962.vcxproj", "{C6FC2D60-FCEF-4693-85E3-BA09F86859AB}"
EndProject
Project("{8BC9CEB8-8B4A-11D0-8D11-00A0C91BC942}") = "1030", "1030\1030.vcxproj", "{232D84D3-AFCA-4C22-BA4F-CC2228FE8314}"
EndProject
Project("{8BC9CEB8-8B4A-11D0-8D11-00A0C91BC942}") = "1042", "1042\1042.vcxproj", "{F84097AA-2A1D-4DD9-AE23-C2A1FDFE1A1B}"
EndProject
Project("{8BC9CEB8-8B4A-11D0-8D11-00A0C91BC942}") = "1025", "1025\1025\1025.vcxproj", "{C5E08C16-8C40-404D-9B6D-F30A3594BA84}"
EndProject
Project("{8BC9CEB8-8B4A-11D0-8D11-00A0C91BC942}") = "1797", "1797\1797.vcxproj", "{FB14778C-D87E-47E6-A268-B7E2B0F29F9E}"
EndProject
Project("{8BC9CEB8-8B4A-11D0-8D11-00A0C91BC942}") = "1010", "1010\1010.vcxproj", "{A7637313-CC96-4271-813B-12BC0108C5C7}"
EndProject
Project("{8BC9CEB8-8B4A-11D0-8D11-00A0C91BC942}") = "1880", "1880\1880.vcxproj", "{F7D56EEF-7634-4175-9662-6BA7EBFCBDBB}"
EndProject
Project("{8BC9CEB8-8B4A-11D0-8D11-00A0C91BC942}") = "1097", "1097\1097.vcxproj", "{AF915472-B307-4567-BA91-B8EA65DFA548}"
EndProject
Project("{8BC9CEB8-8B4A-11D0-8D11-00A0C91BC942}") = "1166", "1166\1166.vcxproj", "{EF4A7FE9-03F1-4ED6-8B8A-FFC70598FD63}"
EndProject
Project("{8BC9CEB8-8B4A-11D0-8D11-00A0C91BC942}") = "1958", "1958\1958.vcxproj", "{AFCA4EE1-1F12-4AFC-B4D6-DF52B698C04E}"
EndProject
Project("{8BC9CEB8-8B4A-11D0-8D11-00A0C91BC942}") = "1955", "1955\1955.vcxproj", "{FAE91724-3B9A-45BB-B86D-776C6113875E}"
EndProject
Project("{8BC9CEB8-8B4A-11D0-8D11-00A0C91BC942}") = "1961", "1961\1961.vcxproj", "{9346F77E-766D-4D26-91ED-93B0A6368013}"
EndProject
Project("{8BC9CEB8-8B4A-11D0-8D11-00A0C91BC942}") = "1977", "1977\1977.vcxproj", "{EB2B220E-292F-4AE0-A37C-7FF1A5E34872}"
EndProject
Project("{8BC9CEB8-8B4A-11D0-8D11-00A0C91BC942}") = "2060", "2060\2060.vcxproj", "{0AE8A2FB-549D-4C08-9ECF-230BD7A3069F}"
EndProject
Project("{2150E333-8FDC-42A3-9474-1A3956D46DE8}") = "Solution Items", "Solution Items", "{E9739D72-A308-44C4-9FE0-86F8619BD0E8}"
	ProjectSection(SolutionItems) = preProject
		Performance1.psess = Performance1.psess
	EndProjectSection
EndProject
Project("{8BC9CEB8-8B4A-11D0-8D11-00A0C91BC942}") = "2038", "2038\2038.vcxproj", "{5EBDF41D-C99A-4F2F-93E1-AA214C774B2A}"
EndProject
Project("{8BC9CEB8-8B4A-11D0-8D11-00A0C91BC942}") = "1829", "1829\1829.vcxproj", "{7BBF2ECA-2477-42BF-AC9E-DE3BE32B98E0}"
EndProject
Project("{8BC9CEB8-8B4A-11D0-8D11-00A0C91BC942}") = "1683", "1683\1683.vcxproj", "{8972EA31-4CDC-47D4-A5FF-6333EA6669A1}"
EndProject
Project("{8BC9CEB8-8B4A-11D0-8D11-00A0C91BC942}") = "1018", "1018\1018.vcxproj", "{669CF166-F4C1-4889-BE4D-779D99C09948}"
EndProject
Project("{8BC9CEB8-8B4A-11D0-8D11-00A0C91BC942}") = "1062", "1062\1062.vcxproj", "{B71E0E7B-FE11-431E-AF61-40DFAFBFD7F5}"
EndProject
Project("{8BC9CEB8-8B4A-11D0-8D11-00A0C91BC942}") = "2029", "2029\2029.vcxproj", "{26FBD1F7-7EF6-4DC1-83E0-54756B0D3EB3}"
EndProject
Project("{8BC9CEB8-8B4A-11D0-8D11-00A0C91BC942}") = "1601", "1601\1601.vcxproj", "{FAF0F64F-34B2-47CB-9EF4-7A8D47CE26C4}"
EndProject
Project("{8BC9CEB8-8B4A-11D0-8D11-00A0C91BC942}") = "1627", "1627\1627.vcxproj", "{81A7E1F3-659A-4B88-AAE7-EDF55B463259}"
EndProject
Project("{8BC9CEB8-8B4A-11D0-8D11-00A0C91BC942}") = "1201", "1201\1201.vcxproj", "{0AD7148B-366E-476B-9BF4-A7130E2C5FDA}"
EndProject
Project("{8BC9CEB8-8B4A-11D0-8D11-00A0C91BC942}") = "1531", "1531\1531.vcxproj", "{AF89B3EA-52FA-4633-8BE1-F43476D2F6EA}"
EndProject
Project("{8BC9CEB8-8B4A-11D0-8D11-00A0C91BC942}") = "1731", "1731\1731.vcxproj", "{BAC899D1-9419-4EFC-B159-64413FF92014}"
EndProject
Project("{8BC9CEB8-8B4A-11D0-8D11-00A0C91BC942}") = "1532", "1532\1532.vcxproj", "{2018E31D-4D45-4847-A3DE-3E3542EE1B1D}"
EndProject
Project("{8BC9CEB8-8B4A-11D0-8D11-00A0C91BC942}") = "1103", "1103\1103.vcxproj", "{E4728AD2-9690-4F6C-8E24-529B3B0E4B8A}"
EndProject
Project("{8BC9CEB8-8B4A-11D0-8D11-00A0C91BC942}") = "1190", "1190\1190.vcxproj", "{D66BEB03-7672-4645-831B-E0DE5F6C1C5E}"
EndProject
Project("{8BC9CEB8-8B4A-11D0-8D11-00A0C91BC942}") = "2023", "2023\2023.vcxproj", "{90721C75-2B0B-4F6B-9939-41B78B00BD38}"
EndProject
Project("{8BC9CEB8-8B4A-11D0-8D11-00A0C91BC942}") = "1012", "1012\1012.vcxproj", "{FC6593E0-5154-4657-960F-F77B06E1037E}"
EndProject
Project("{8BC9CEB8-8B4A-11D0-8D11-00A0C91BC942}") = "1742", "1742\1742.vcxproj", "{4576FE4C-957B-48E9-99D3-1B337DF01F28}"
EndProject
Project("{8BC9CEB8-8B4A-11D0-8D11-00A0C91BC942}") = "1153", "1153\1153.vcxproj", "{89578CA8-C5F6-45F9-8DFC-5B8A66FDCDFF}"
EndProject
Project("{8BC9CEB8-8B4A-11D0-8D11-00A0C91BC942}") = "1194", "1194\1194.vcxproj", "{5E18AE04-F173-4E31-A265-75581CF0F960}"
EndProject
Project("{8BC9CEB8-8B4A-11D0-8D11-00A0C91BC942}") = "1198", "1198\1198.vcxproj", "{BFB257E3-5055-415F-A964-E9DD88CBE609}"
EndProject
Project("{8BC9CEB8-8B4A-11D0-8D11-00A0C91BC942}") = "1882", "1882\1882.vcxproj", "{66DA9A8A-8DD8-4A19-8D9E-19B768905A99}"
EndProject
Project("{8BC9CEB8-8B4A-11D0-8D11-00A0C91BC942}") = "1858", "1858\1858.vcxproj", "{64727EE9-CE7C-487E-BB31-E5CBC4809979}"
EndProject
Project("{8BC9CEB8-8B4A-11D0-8D11-00A0C91BC942}") = "1161", "1161\1161.vcxproj", "{588CD979-1FEF-4ABD-BF87-EE7E754C2C71}"
EndProject
Project("{8BC9CEB8-8B4A-11D0-8D11-00A0C91BC942}") = "1626", "1626\1626.vcxproj", "{BC4EABF0-8DEA-4497-9DDD-D2B7FB4852CB}"
EndProject
Project("{8BC9CEB8-8B4A-11D0-8D11-00A0C91BC942}") = "2027", "2027\2027.vcxproj", "{9704D9DA-C41D-4F5B-941F-09DDC71C219C}"
EndProject
Project("{8BC9CEB8-8B4A-11D0-8D11-00A0C91BC942}") = "1055", "1055\1055.vcxproj", "{0F7389E8-8199-494D-962B-C6E5ED3D36D5}"
EndProject
Project("{8BC9CEB8-8B4A-11D0-8D11-00A0C91BC942}") = "1401", "1401\1401.vcxproj", "{760FADDE-6F60-45B4-AFBF-55E3C31BBBE2}"
EndProject
Project("{8BC9CEB8-8B4A-11D0-8D11-00A0C91BC942}") = "1588", "1588\1588.vcxproj", "{375344D1-194A-4464-8562-BA35A784E5DB}"
EndProject
Project("{8BC9CEB8-8B4A-11D0-8D11-00A0C91BC942}") = "1589", "1589\1589.vcxproj", "{5FA7BCB8-58F7-4F6D-BA98-DCE2F144457A}"
EndProject
Global
	GlobalSection(SolutionConfigurationPlatforms) = preSolution
		Debug|Win32 = Debug|Win32
		Release|Win32 = Release|Win32
	EndGlobalSection
	GlobalSection(ProjectConfigurationPlatforms) = postSolution
		{6FDB5E74-DAE4-4669-867F-302AE8DB9FFC}.Debug|Win32.ActiveCfg = Debug|Win32
		{6FDB5E74-DAE4-4669-867F-302AE8DB9FFC}.Debug|Win32.Build.0 = Debug|Win32
		{6FDB5E74-DAE4-4669-867F-302AE8DB9FFC}.Release|Win32.ActiveCfg = Release|Win32
		{6FDB5E74-DAE4-4669-867F-302AE8DB9FFC}.Release|Win32.Build.0 = Release|Win32
		{842BE8E7-4B82-4061-AA52-F2FA770565C0}.Debug|Win32.ActiveCfg = Debug|Win32
		{842BE8E7-4B82-4061-AA52-F2FA770565C0}.Debug|Win32.Build.0 = Debug|Win32
		{842BE8E7-4B82-4061-AA52-F2FA770565C0}.Release|Win32.ActiveCfg = Release|Win32
		{842BE8E7-4B82-4061-AA52-F2FA770565C0}.Release|Win32.Build.0 = Release|Win32
		{284591C9-BC8E-4D98-ABB1-21405C550074}.Debug|Win32.ActiveCfg = Debug|Win32
		{284591C9-BC8E-4D98-ABB1-21405C550074}.Debug|Win32.Build.0 = Debug|Win32
		{284591C9-BC8E-4D98-ABB1-21405C550074}.Release|Win32.ActiveCfg = Release|Win32
		{284591C9-BC8E-4D98-ABB1-21405C550074}.Release|Win32.Build.0 = Release|Win32
		{772A9EA7-9630-44A1-912E-9B1E4A776D42}.Debug|Win32.ActiveCfg = Debug|Win32
		{772A9EA7-9630-44A1-912E-9B1E4A776D42}.Debug|Win32.Build.0 = Debug|Win32
		{772A9EA7-9630-44A1-912E-9B1E4A776D42}.Release|Win32.ActiveCfg = Release|Win32
		{772A9EA7-9630-44A1-912E-9B1E4A776D42}.Release|Win32.Build.0 = Release|Win32
		{3DEC51E4-F0AF-478B-ADA1-ED29695EA251}.Debug|Win32.ActiveCfg = Debug|Win32
		{3DEC51E4-F0AF-478B-ADA1-ED29695EA251}.Debug|Win32.Build.0 = Debug|Win32
		{3DEC51E4-F0AF-478B-ADA1-ED29695EA251}.Release|Win32.ActiveCfg = Release|Win32
		{3DEC51E4-F0AF-478B-ADA1-ED29695EA251}.Release|Win32.Build.0 = Release|Win32
		{11D92921-3319-4159-B4A3-FB86A636CEAF}.Debug|Win32.ActiveCfg = Debug|Win32
		{11D92921-3319-4159-B4A3-FB86A636CEAF}.Debug|Win32.Build.0 = Debug|Win32
		{11D92921-3319-4159-B4A3-FB86A636CEAF}.Release|Win32.ActiveCfg = Release|Win32
		{11D92921-3319-4159-B4A3-FB86A636CEAF}.Release|Win32.Build.0 = Release|Win32
		{1DBD1313-01AA-4794-A313-F6F01039FDE3}.Debug|Win32.ActiveCfg = Debug|Win32
		{1DBD1313-01AA-4794-A313-F6F01039FDE3}.Debug|Win32.Build.0 = Debug|Win32
		{1DBD1313-01AA-4794-A313-F6F01039FDE3}.Release|Win32.ActiveCfg = Release|Win32
		{1DBD1313-01AA-4794-A313-F6F01039FDE3}.Release|Win32.Build.0 = Release|Win32
		{D3F950AD-A0D6-4C26-B77F-387E842D69F8}.Debug|Win32.ActiveCfg = Debug|Win32
		{D3F950AD-A0D6-4C26-B77F-387E842D69F8}.Debug|Win32.Build.0 = Debug|Win32
		{D3F950AD-A0D6-4C26-B77F-387E842D69F8}.Release|Win32.ActiveCfg = Release|Win32
		{D3F950AD-A0D6-4C26-B77F-387E842D69F8}.Release|Win32.Build.0 = Release|Win32
		{A0E6A2A9-E741-4A9A-B80E-0E9082469F2B}.Debug|Win32.ActiveCfg = Debug|Win32
		{A0E6A2A9-E741-4A9A-B80E-0E9082469F2B}.Debug|Win32.Build.0 = Debug|Win32
		{A0E6A2A9-E741-4A9A-B80E-0E9082469F2B}.Release|Win32.ActiveCfg = Release|Win32
		{A0E6A2A9-E741-4A9A-B80E-0E9082469F2B}.Release|Win32.Build.0 = Release|Win32
		{4D79A261-2A7E-4CEC-B1AE-437FF8845CDA}.Debug|Win32.ActiveCfg = Debug|Win32
		{4D79A261-2A7E-4CEC-B1AE-437FF8845CDA}.Debug|Win32.Build.0 = Debug|Win32
		{4D79A261-2A7E-4CEC-B1AE-437FF8845CDA}.Release|Win32.ActiveCfg = Release|Win32
		{4D79A261-2A7E-4CEC-B1AE-437FF8845CDA}.Release|Win32.Build.0 = Release|Win32
		{702DC620-6F7D-4A26-B5BA-78465CCA398C}.Debug|Win32.ActiveCfg = Debug|Win32
		{702DC620-6F7D-4A26-B5BA-78465CCA398C}.Debug|Win32.Build.0 = Debug|Win32
		{702DC620-6F7D-4A26-B5BA-78465CCA398C}.Release|Win32.ActiveCfg = Release|Win32
		{702DC620-6F7D-4A26-B5BA-78465CCA398C}.Release|Win32.Build.0 = Release|Win32
		{CCB8AEA8-1EAA-4525-B96C-F8DB6C5D2BEB}.Debug|Win32.ActiveCfg = Debug|Win32
		{CCB8AEA8-1EAA-4525-B96C-F8DB6C5D2BEB}.Debug|Win32.Build.0 = Debug|Win32
		{CCB8AEA8-1EAA-4525-B96C-F8DB6C5D2BEB}.Release|Win32.ActiveCfg = Release|Win32
		{CCB8AEA8-1EAA-4525-B96C-F8DB6C5D2BEB}.Release|Win32.Build.0 = Release|Win32
		{C6FC2D60-FCEF-4693-85E3-BA09F86859AB}.Debug|Win32.ActiveCfg = Debug|Win32
		{C6FC2D60-FCEF-4693-85E3-BA09F86859AB}.Debug|Win32.Build.0 = Debug|Win32
		{C6FC2D60-FCEF-4693-85E3-BA09F86859AB}.Release|Win32.ActiveCfg = Release|Win32
		{C6FC2D60-FCEF-4693-85E3-BA09F86859AB}.Release|Win32.Build.0 = Release|Win32
		{232D84D3-AFCA-4C22-BA4F-CC2228FE8314}.Debug|Win32.ActiveCfg = Debug|Win32
		{232D84D3-AFCA-4C22-BA4F-CC2228FE8314}.Debug|Win32.Build.0 = Debug|Win32
		{232D84D3-AFCA-4C22-BA4F-CC2228FE8314}.Release|Win32.ActiveCfg = Release|Win32
		{232D84D3-AFCA-4C22-BA4F-CC2228FE8314}.Release|Win32.Build.0 = Release|Win32
		{F84097AA-2A1D-4DD9-AE23-C2A1FDFE1A1B}.Debug|Win32.ActiveCfg = Debug|Win32
		{F84097AA-2A1D-4DD9-AE23-C2A1FDFE1A1B}.Debug|Win32.Build.0 = Debug|Win32
		{F84097AA-2A1D-4DD9-AE23-C2A1FDFE1A1B}.Release|Win32.ActiveCfg = Release|Win32
		{F84097AA-2A1D-4DD9-AE23-C2A1FDFE1A1B}.Release|Win32.Build.0 = Release|Win32
		{C5E08C16-8C40-404D-9B6D-F30A3594BA84}.Debug|Win32.ActiveCfg = Debug|Win32
		{C5E08C16-8C40-404D-9B6D-F30A3594BA84}.Debug|Win32.Build.0 = Debug|Win32
		{C5E08C16-8C40-404D-9B6D-F30A3594BA84}.Release|Win32.ActiveCfg = Release|Win32
		{C5E08C16-8C40-404D-9B6D-F30A3594BA84}.Release|Win32.Build.0 = Release|Win32
		{FB14778C-D87E-47E6-A268-B7E2B0F29F9E}.Debug|Win32.ActiveCfg = Debug|Win32
		{FB14778C-D87E-47E6-A268-B7E2B0F29F9E}.Debug|Win32.Build.0 = Debug|Win32
		{FB14778C-D87E-47E6-A268-B7E2B0F29F9E}.Release|Win32.ActiveCfg = Release|Win32
		{FB14778C-D87E-47E6-A268-B7E2B0F29F9E}.Release|Win32.Build.0 = Release|Win32
		{A7637313-CC96-4271-813B-12BC0108C5C7}.Debug|Win32.ActiveCfg = Debug|Win32
		{A7637313-CC96-4271-813B-12BC0108C5C7}.Debug|Win32.Build.0 = Debug|Win32
		{A7637313-CC96-4271-813B-12BC0108C5C7}.Release|Win32.ActiveCfg = Release|Win32
		{A7637313-CC96-4271-813B-12BC0108C5C7}.Release|Win32.Build.0 = Release|Win32
		{F7D56EEF-7634-4175-9662-6BA7EBFCBDBB}.Debug|Win32.ActiveCfg = Debug|Win32
		{F7D56EEF-7634-4175-9662-6BA7EBFCBDBB}.Debug|Win32.Build.0 = Debug|Win32
		{F7D56EEF-7634-4175-9662-6BA7EBFCBDBB}.Release|Win32.ActiveCfg = Release|Win32
		{F7D56EEF-7634-4175-9662-6BA7EBFCBDBB}.Release|Win32.Build.0 = Release|Win32
		{AF915472-B307-4567-BA91-B8EA65DFA548}.Debug|Win32.ActiveCfg = Debug|Win32
		{AF915472-B307-4567-BA91-B8EA65DFA548}.Debug|Win32.Build.0 = Debug|Win32
		{AF915472-B307-4567-BA91-B8EA65DFA548}.Release|Win32.ActiveCfg = Release|Win32
		{AF915472-B307-4567-BA91-B8EA65DFA548}.Release|Win32.Build.0 = Release|Win32
		{EF4A7FE9-03F1-4ED6-8B8A-FFC70598FD63}.Debug|Win32.ActiveCfg = Debug|Win32
		{EF4A7FE9-03F1-4ED6-8B8A-FFC70598FD63}.Debug|Win32.Build.0 = Debug|Win32
		{EF4A7FE9-03F1-4ED6-8B8A-FFC70598FD63}.Release|Win32.ActiveCfg = Release|Win32
		{EF4A7FE9-03F1-4ED6-8B8A-FFC70598FD63}.Release|Win32.Build.0 = Release|Win32
		{AFCA4EE1-1F12-4AFC-B4D6-DF52B698C04E}.Debug|Win32.ActiveCfg = Debug|Win32
		{AFCA4EE1-1F12-4AFC-B4D6-DF52B698C04E}.Debug|Win32.Build.0 = Debug|Win32
		{AFCA4EE1-1F12-4AFC-B4D6-DF52B698C04E}.Release|Win32.ActiveCfg = Release|Win32
		{AFCA4EE1-1F12-4AFC-B4D6-DF52B698C04E}.Release|Win32.Build.0 = Release|Win32
		{FAE91724-3B9A-45BB-B86D-776C6113875E}.Debug|Win32.ActiveCfg = Debug|Win32
		{FAE91724-3B9A-45BB-B86D-776C6113875E}.Debug|Win32.Build.0 = Debug|Win32
		{FAE91724-3B9A-45BB-B86D-776C6113875E}.Release|Win32.ActiveCfg = Release|Win32
		{FAE91724-3B9A-45BB-B86D-776C6113875E}.Release|Win32.Build.0 = Release|Win32
		{9346F77E-766D-4D26-91ED-93B0A6368013}.Debug|Win32.ActiveCfg = Debug|Win32
		{9346F77E-766D-4D26-91ED-93B0A6368013}.Debug|Win32.Build.0 = Debug|Win32
		{9346F77E-766D-4D26-91ED-93B0A6368013}.Release|Win32.ActiveCfg = Release|Win32
		{9346F77E-766D-4D26-91ED-93B0A6368013}.Release|Win32.Build.0 = Release|Win32
		{EB2B220E-292F-4AE0-A37C-7FF1A5E34872}.Debug|Win32.ActiveCfg = Debug|Win32
		{EB2B220E-292F-4AE0-A37C-7FF1A5E34872}.Debug|Win32.Build.0 = Debug|Win32
		{EB2B220E-292F-4AE0-A37C-7FF1A5E34872}.Release|Win32.ActiveCfg = Release|Win32
		{EB2B220E-292F-4AE0-A37C-7FF1A5E34872}.Release|Win32.Build.0 = Release|Win32
		{0AE8A2FB-549D-4C08-9ECF-230BD7A3069F}.Debug|Win32.ActiveCfg = Debug|Win32
		{0AE8A2FB-549D-4C08-9ECF-230BD7A3069F}.Debug|Win32.Build.0 = Debug|Win32
		{0AE8A2FB-549D-4C08-9ECF-230BD7A3069F}.Release|Win32.ActiveCfg = Release|Win32
		{0AE8A2FB-549D-4C08-9ECF-230BD7A3069F}.Release|Win32.Build.0 = Release|Win32
		{5EBDF41D-C99A-4F2F-93E1-AA214C774B2A}.Debug|Win32.ActiveCfg = Debug|Win32
		{5EBDF41D-C99A-4F2F-93E1-AA214C774B2A}.Debug|Win32.Build.0 = Debug|Win32
		{5EBDF41D-C99A-4F2F-93E1-AA214C774B2A}.Release|Win32.ActiveCfg = Release|Win32
		{5EBDF41D-C99A-4F2F-93E1-AA214C774B2A}.Release|Win32.Build.0 = Release|Win32
		{7BBF2ECA-2477-42BF-AC9E-DE3BE32B98E0}.Debug|Win32.ActiveCfg = Debug|Win32
		{7BBF2ECA-2477-42BF-AC9E-DE3BE32B98E0}.Debug|Win32.Build.0 = Debug|Win32
		{7BBF2ECA-2477-42BF-AC9E-DE3BE32B98E0}.Release|Win32.ActiveCfg = Release|Win32
		{7BBF2ECA-2477-42BF-AC9E-DE3BE32B98E0}.Release|Win32.Build.0 = Release|Win32
		{8972EA31-4CDC-47D4-A5FF-6333EA6669A1}.Debug|Win32.ActiveCfg = Debug|Win32
		{8972EA31-4CDC-47D4-A5FF-6333EA6669A1}.Debug|Win32.Build.0 = Debug|Win32
		{8972EA31-4CDC-47D4-A5FF-6333EA6669A1}.Release|Win32.ActiveCfg = Release|Win32
		{8972EA31-4CDC-47D4-A5FF-6333EA6669A1}.Release|Win32.Build.0 = Release|Win32
		{669CF166-F4C1-4889-BE4D-779D99C09948}.Debug|Win32.ActiveCfg = Debug|Win32
		{669CF166-F4C1-4889-BE4D-779D99C09948}.Debug|Win32.Build.0 = Debug|Win32
		{669CF166-F4C1-4889-BE4D-779D99C09948}.Release|Win32.ActiveCfg = Release|Win32
		{669CF166-F4C1-4889-BE4D-779D99C09948}.Release|Win32.Build.0 = Release|Win32
		{B71E0E7B-FE11-431E-AF61-40DFAFBFD7F5}.Debug|Win32.ActiveCfg = Debug|Win32
		{B71E0E7B-FE11-431E-AF61-40DFAFBFD7F5}.Debug|Win32.Build.0 = Debug|Win32
		{B71E0E7B-FE11-431E-AF61-40DFAFBFD7F5}.Release|Win32.ActiveCfg = Release|Win32
		{B71E0E7B-FE11-431E-AF61-40DFAFBFD7F5}.Release|Win32.Build.0 = Release|Win32
		{26FBD1F7-7EF6-4DC1-83E0-54756B0D3EB3}.Debug|Win32.ActiveCfg = Debug|Win32
		{26FBD1F7-7EF6-4DC1-83E0-54756B0D3EB3}.Debug|Win32.Build.0 = Debug|Win32
		{26FBD1F7-7EF6-4DC1-83E0-54756B0D3EB3}.Release|Win32.ActiveCfg = Release|Win32
		{26FBD1F7-7EF6-4DC1-83E0-54756B0D3EB3}.Release|Win32.Build.0 = Release|Win32
		{FAF0F64F-34B2-47CB-9EF4-7A8D47CE26C4}.Debug|Win32.ActiveCfg = Debug|Win32
		{FAF0F64F-34B2-47CB-9EF4-7A8D47CE26C4}.Debug|Win32.Build.0 = Debug|Win32
		{FAF0F64F-34B2-47CB-9EF4-7A8D47CE26C4}.Release|Win32.ActiveCfg = Release|Win32
		{FAF0F64F-34B2-47CB-9EF4-7A8D47CE26C4}.Release|Win32.Build.0 = Release|Win32
		{81A7E1F3-659A-4B88-AAE7-EDF55B463259}.Debug|Win32.ActiveCfg = Debug|Win32
		{81A7E1F3-659A-4B88-AAE7-EDF55B463259}.Debug|Win32.Build.0 = Debug|Win32
		{81A7E1F3-659A-4B88-AAE7-EDF55B463259}.Release|Win32.ActiveCfg = Release|Win32
		{81A7E1F3-659A-4B88-AAE7-EDF55B463259}.Release|Win32.Build.0 = Release|Win32
		{0AD7148B-366E-476B-9BF4-A7130E2C5FDA}.Debug|Win32.ActiveCfg = Debug|Win32
		{0AD7148B-366E-476B-9BF4-A7130E2C5FDA}.Debug|Win32.Build.0 = Debug|Win32
		{0AD7148B-366E-476B-9BF4-A7130E2C5FDA}.Release|Win32.ActiveCfg = Release|Win32
		{0AD7148B-366E-476B-9BF4-A7130E2C5FDA}.Release|Win32.Build.0 = Release|Win32
		{AF89B3EA-52FA-4633-8BE1-F43476D2F6EA}.Debug|Win32.ActiveCfg = Debug|Win32
		{AF89B3EA-52FA-4633-8BE1-F43476D2F6EA}.Debug|Win32.Build.0 = Debug|Win32
		{AF89B3EA-52FA-4633-8BE1-F43476D2F6EA}.Release|Win32.ActiveCfg = Release|Win32
		{AF89B3EA-52FA-4633-8BE1-F43476D2F6EA}.Release|Win32.Build.0 = Release|Win32
		{BAC899D1-9419-4EFC-B159-64413FF92014}.Debug|Win32.ActiveCfg = Debug|Win32
		{BAC899D1-9419-4EFC-B159-64413FF92014}.Debug|Win32.Build.0 = Debug|Win32
		{BAC899D1-9419-4EFC-B159-64413FF92014}.Release|Win32.ActiveCfg = Release|Win32
		{BAC899D1-9419-4EFC-B159-64413FF92014}.Release|Win32.Build.0 = Release|Win32
		{2018E31D-4D45-4847-A3DE-3E3542EE1B1D}.Debug|Win32.ActiveCfg = Debug|Win32
		{2018E31D-4D45-4847-A3DE-3E3542EE1B1D}.Debug|Win32.Build.0 = Debug|Win32
		{2018E31D-4D45-4847-A3DE-3E3542EE1B1D}.Release|Win32.ActiveCfg = Release|Win32
		{2018E31D-4D45-4847-A3DE-3E3542EE1B1D}.Release|Win32.Build.0 = Release|Win32
		{E4728AD2-9690-4F6C-8E24-529B3B0E4B8A}.Debug|Win32.ActiveCfg = Debug|Win32
		{E4728AD2-9690-4F6C-8E24-529B3B0E4B8A}.Debug|Win32.Build.0 = Debug|Win32
		{E4728AD2-9690-4F6C-8E24-529B3B0E4B8A}.Release|Win32.ActiveCfg = Release|Win32
		{E4728AD2-9690-4F6C-8E24-529B3B0E4B8A}.Release|Win32.Build.0 = Release|Win32
		{D66BEB03-7672-4645-831B-E0DE5F6C1C5E}.Debug|Win32.ActiveCfg = Debug|Win32
		{D66BEB03-7672-4645-831B-E0DE5F6C1C5E}.Debug|Win32.Build.0 = Debug|Win32
		{D66BEB03-7672-4645-831B-E0DE5F6C1C5E}.Release|Win32.ActiveCfg = Release|Win32
		{D66BEB03-7672-4645-831B-E0DE5F6C1C5E}.Release|Win32.Build.0 = Release|Win32
		{90721C75-2B0B-4F6B-9939-41B78B00BD38}.Debug|Win32.ActiveCfg = Debug|Win32
		{90721C75-2B0B-4F6B-9939-41B78B00BD38}.Debug|Win32.Build.0 = Debug|Win32
		{90721C75-2B0B-4F6B-9939-41B78B00BD38}.Release|Win32.ActiveCfg = Release|Win32
		{90721C75-2B0B-4F6B-9939-41B78B00BD38}.Release|Win32.Build.0 = Release|Win32
		{FC6593E0-5154-4657-960F-F77B06E1037E}.Debug|Win32.ActiveCfg = Debug|Win32
		{FC6593E0-5154-4657-960F-F77B06E1037E}.Debug|Win32.Build.0 = Debug|Win32
		{FC6593E0-5154-4657-960F-F77B06E1037E}.Release|Win32.ActiveCfg = Release|Win32
		{FC6593E0-5154-4657-960F-F77B06E1037E}.Release|Win32.Build.0 = Release|Win32
		{4576FE4C-957B-48E9-99D3-1B337DF01F28}.Debug|Win32.ActiveCfg = Debug|Win32
		{4576FE4C-957B-48E9-99D3-1B337DF01F28}.Debug|Win32.Build.0 = Debug|Win32
		{4576FE4C-957B-48E9-99D3-1B337DF01F28}.Release|Win32.ActiveCfg = Release|Win32
		{4576FE4C-957B-48E9-99D3-1B337DF01F28}.Release|Win32.Build.0 = Release|Win32
		{89578CA8-C5F6-45F9-8DFC-5B8A66FDCDFF}.Debug|Win32.ActiveCfg = Debug|Win32
		{89578CA8-C5F6-45F9-8DFC-5B8A66FDCDFF}.Debug|Win32.Build.0 = Debug|Win32
		{89578CA8-C5F6-45F9-8DFC-5B8A66FDCDFF}.Release|Win32.ActiveCfg = Release|Win32
		{89578CA8-C5F6-45F9-8DFC-5B8A66FDCDFF}.Release|Win32.Build.0 = Release|Win32
		{5E18AE04-F173-4E31-A265-75581CF0F960}.Debug|Win32.ActiveCfg = Debug|Win32
		{5E18AE04-F173-4E31-A265-75581CF0F960}.Debug|Win32.Build.0 = Debug|Win32
		{5E18AE04-F173-4E31-A265-75581CF0F960}.Release|Win32.ActiveCfg = Release|Win32
		{5E18AE04-F173-4E31-A265-75581CF0F960}.Release|Win32.Build.0 = Release|Win32
		{BFB257E3-5055-415F-A964-E9DD88CBE609}.Debug|Win32.ActiveCfg = Debug|Win32
		{BFB257E3-5055-415F-A964-E9DD88CBE609}.Debug|Win32.Build.0 = Debug|Win32
		{BFB257E3-5055-415F-A964-E9DD88CBE609}.Release|Win32.ActiveCfg = Release|Win32
		{BFB257E3-5055-415F-A964-E9DD88CBE609}.Release|Win32.Build.0 = Release|Win32
		{66DA9A8A-8DD8-4A19-8D9E-19B768905A99}.Debug|Win32.ActiveCfg = Debug|Win32
		{66DA9A8A-8DD8-4A19-8D9E-19B768905A99}.Debug|Win32.Build.0 = Debug|Win32
		{66DA9A8A-8DD8-4A19-8D9E-19B768905A99}.Release|Win32.ActiveCfg = Release|Win32
		{66DA9A8A-8DD8-4A19-8D9E-19B768905A99}.Release|Win32.Build.0 = Release|Win32
		{64727EE9-CE7C-487E-BB31-E5CBC4809979}.Debug|Win32.ActiveCfg = Debug|Win32
		{64727EE9-CE7C-487E-BB31-E5CBC4809979}.Debug|Win32.Build.0 = Debug|Win32
		{64727EE9-CE7C-487E-BB31-E5CBC4809979}.Release|Win32.ActiveCfg = Release|Win32
		{64727EE9-CE7C-487E-BB31-E5CBC4809979}.Release|Win32.Build.0 = Release|Win32
		{588CD979-1FEF-4ABD-BF87-EE7E754C2C71}.Debug|Win32.ActiveCfg = Debug|Win32
		{588CD979-1FEF-4ABD-BF87-EE7E754C2C71}.Debug|Win32.Build.0 = Debug|Win32
		{588CD979-1FEF-4ABD-BF87-EE7E754C2C71}.Release|Win32.ActiveCfg = Release|Win32
		{588CD979-1FEF-4ABD-BF87-EE7E754C2C71}.Release|Win32.Build.0 = Release|Win32
		{BC4EABF0-8DEA-4497-9DDD-D2B7FB4852CB}.Debug|Win32.ActiveCfg = Debug|Win32
		{BC4EABF0-8DEA-4497-9DDD-D2B7FB4852CB}.Debug|Win32.Build.0 = Debug|Win32
		{BC4EABF0-8DEA-4497-9DDD-D2B7FB4852CB}.Release|Win32.ActiveCfg = Release|Win32
		{BC4EABF0-8DEA-4497-9DDD-D2B7FB4852CB}.Release|Win32.Build.0 = Release|Win32
		{9704D9DA-C41D-4F5B-941F-09DDC71C219C}.Debug|Win32.ActiveCfg = Debug|Win32
		{9704D9DA-C41D-4F5B-941F-09DDC71C219C}.Debug|Win32.Build.0 = Debug|Win32
		{9704D9DA-C41D-4F5B-941F-09DDC71C219C}.Release|Win32.ActiveCfg = Release|Win32
		{9704D9DA-C41D-4F5B-941F-09DDC71C219C}.Release|Win32.Build.0 = Release|Win32
		{0F7389E8-8199-494D-962B-C6E5ED3D36D5}.Debug|Win32.ActiveCfg = Debug|Win32
		{0F7389E8-8199-494D-962B-C6E5ED3D36D5}.Debug|Win32.Build.0 = Debug|Win32
		{0F7389E8-8199-494D-962B-C6E5ED3D36D5}.Release|Win32.ActiveCfg = Release|Win32
		{0F7389E8-8199-494D-962B-C6E5ED3D36D5}.Release|Win32.Build.0 = Release|Win32
		{760FADDE-6F60-45B4-AFBF-55E3C31BBBE2}.Debug|Win32.ActiveCfg = Debug|Win32
		{760FADDE-6F60-45B4-AFBF-55E3C31BBBE2}.Debug|Win32.Build.0 = Debug|Win32
		{760FADDE-6F60-45B4-AFBF-55E3C31BBBE2}.Release|Win32.ActiveCfg = Release|Win32
		{760FADDE-6F60-45B4-AFBF-55E3C31BBBE2}.Release|Win32.Build.0 = Release|Win32
		{375344D1-194A-4464-8562-BA35A784E5DB}.Debug|Win32.ActiveCfg = Debug|Win32
		{375344D1-194A-4464-8562-BA35A784E5DB}.Debug|Win32.Build.0 = Debug|Win32
		{375344D1-194A-4464-8562-BA35A784E5DB}.Release|Win32.ActiveCfg = Release|Win32
		{375344D1-194A-4464-8562-BA35A784E5DB}.Release|Win32.Build.0 = Release|Win32
		{5FA7BCB8-58F7-4F6D-BA98-DCE2F144457A}.Debug|Win32.ActiveCfg = Debug|Win32
		{5FA7BCB8-58F7-4F6D-BA98-DCE2F144457A}.Debug|Win32.Build.0 = Debug|Win32
		{5FA7BCB8-58F7-4F6D-BA98-DCE2F144457A}.Release|Win32.ActiveCfg = Release|Win32
		{5FA7BCB8-58F7-4F6D-BA98-DCE2F144457A}.Release|Win32.Build.0 = Release|Win32
	EndGlobalSection
	GlobalSection(SolutionProperties) = preSolution
		HideSolutionNode = FALSE
	EndGlobalSection
EndGlobal
